{
  "name": "@tache/sh",
  "version": "1.0.0",
  "lockfileVersion": 1,
  "requires": true,
  "dependencies": {
    "nan": {
      "version": "2.10.0",
      "resolved": "https://registry.npmjs.org/nan/-/nan-2.10.0.tgz",
      "integrity": "sha512-bAdJv7fBLhWC+/Bls0Oza+mvTaNQtP+1RyhhhvD95pgUJz6XM5IzgmxOkItJ9tkoCiplvAnXI1tNmmUD/eScyA=="
    },
    "node-pty": {
      "version": "0.8.0",
      "resolved": "https://registry.npmjs.org/node-pty/-/node-pty-0.8.0.tgz",
      "integrity": "sha512-g5ggk3gN4gLrDmAllee5ScFyX3YzpOC/U8VJafha4pE7do0TIE1voiIxEbHSRUOPD1xYqmY+uHhOKAd3avbxGQ==",
      "requires": {
        "nan": "2.10.0"
      }
    }
  }
}
